
Microsoft Visual Studio Solution File, Format Version 12.00
# Visual Studio Version 17
VisualStudioVersion = 17.0.32126.317
MinimumVisualStudioVersion = 10.0.40219.1
Project("{9A19103F-16F7-4668-BE54-9A1E7A4F7556}") = "FinanceManagerApi", "FinanceManagerApi\FinanceManagerApi.csproj", "{CDB07E6F-CF02-4BFB-AA54-0D1492AFE238}"
EndProject
Project("{9A19103F-16F7-4668-BE54-9A1E7A4F7556}") = "FinancialManager", "..\FinancialManager\FinancialManager\FinancialManager.csproj", "{9270118F-85B9-4691-B153-6E0A5F156FB0}"
EndProject
Global
	GlobalSection(SolutionConfigurationPlatforms) = preSolution
		Debug|Any CPU = Debug|Any CPU
		Release|Any CPU = Release|Any CPU
	EndGlobalSection
	GlobalSection(ProjectConfigurationPlatforms) = postSolution
		{CDB07E6F-CF02-4BFB-AA54-0D1492AFE238}.Debug|Any CPU.ActiveCfg = Debug|Any CPU
		{CDB07E6F-CF02-4BFB-AA54-0D1492AFE238}.Debug|Any CPU.Build.0 = Debug|Any CPU
		{CDB07E6F-CF02-4BFB-AA54-0D1492AFE238}.Release|Any CPU.ActiveCfg = Release|Any CPU
		{CDB07E6F-CF02-4BFB-AA54-0D1492AFE238}.Release|Any CPU.Build.0 = Release|Any CPU
		{9270118F-85B9-4691-B153-6E0A5F156FB0}.Debug|Any CPU.ActiveCfg = Debug|Any CPU
		{9270118F-85B9-4691-B153-6E0A5F156FB0}.Debug|Any CPU.Build.0 = Debug|Any CPU
		{9270118F-85B9-4691-B153-6E0A5F156FB0}.Release|Any CPU.ActiveCfg = Release|Any CPU
		{9270118F-85B9-4691-B153-6E0A5F156FB0}.Release|Any CPU.Build.0 = Release|Any CPU
	EndGlobalSection
	GlobalSection(SolutionProperties) = preSolution
		HideSolutionNode = FALSE
	EndGlobalSection
	GlobalSection(ExtensibilityGlobals) = postSolution
		SolutionGuid = {F793D99F-7FB5-4F7B-AF35-BBAEF667370C}
	EndGlobalSection
EndGlobal
